
Microsoft Visual Studio Solution File, Format Version 12.00
# Visual Studio Version 17
VisualStudioVersion = 17.0.31903.59
MinimumVisualStudioVersion = 10.0.40219.1
Project("{FAE04EC0-301F-11D3-BF4B-00C04F79EFBC}") = "TodoTUI", "TodoTUI\TodoTUI.csproj", "{EF63D9F1-259B-4599-84F0-A8E1DCCB8820}"
EndProject
Global
	GlobalSection(SolutionConfigurationPlatforms) = preSolution
		Debug|Any CPU = Debug|Any CPU
		Release|Any CPU = Release|Any CPU
	EndGlobalSection
	GlobalSection(ProjectConfigurationPlatforms) = postSolution
		{EF63D9F1-259B-4599-84F0-A8E1DCCB8820}.Debug|Any CPU.ActiveCfg = Debug|Any CPU
		{EF63D9F1-259B-4599-84F0-A8E1DCCB8820}.Debug|Any CPU.Build.0 = Debug|Any CPU
		{EF63D9F1-259B-4599-84F0-A8E1DCCB8820}.Release|Any CPU.ActiveCfg = Release|Any CPU
		{EF63D9F1-259B-4599-84F0-A8E1DCCB8820}.Release|Any CPU.Build.0 = Release|Any CPU
	EndGlobalSection
	GlobalSection(SolutionProperties) = preSolution
		HideSolutionNode = FALSE
	EndGlobalSection
	GlobalSection(ExtensibilityGlobals) = postSolution
		SolutionGuid = {CE6CBF37-820E-48B2-BF00-C815B0A94800}
	EndGlobalSection
EndGlobal
